// !$*UTF8*$!
{
	archiveVersion = 1;
	classes = {
	};
	objectVersion = 56;
	objects = {

/* Begin PBXBuildFile section */
		EBF5FD766EC0EDCB3198290A /* Pods_People.framework in Frameworks */ = {isa = PBXBuildFile; fileRef = C903E8FF29365593E6785D9D /* Pods_People.framework */; };
		F515ABD22AB03E6400537522 /* Message.swift in Sources */ = {isa = PBXBuildFile; fileRef = F515ABD12AB03E6400537522 /* Message.swift */; };
		F515ABD62AB0404400537522 /* MessageTVC.swift in Sources */ = {isa = PBXBuildFile; fileRef = F515ABD42AB0404400537522 /* MessageTVC.swift */; };
		F515ABD72AB0404400537522 /* MessageTVC.xib in Resources */ = {isa = PBXBuildFile; fileRef = F515ABD52AB0404400537522 /* MessageTVC.xib */; };
		F515ABD92AB0483D00537522 /* AppDefaults.swift in Sources */ = {isa = PBXBuildFile; fileRef = F515ABD82AB0483D00537522 /* AppDefaults.swift */; };
		F515ABDB2AB06D6B00537522 /* FirebaseDB.swift in Sources */ = {isa = PBXBuildFile; fileRef = F515ABDA2AB06D6B00537522 /* FirebaseDB.swift */; };
		F526CB2B2AB3117B00BC8A01 /* Constants.swift in Sources */ = {isa = PBXBuildFile; fileRef = F526CB2A2AB3117B00BC8A01 /* Constants.swift */; };
		F526CB2E2AB3221700BC8A01 /* UIExtensions.swift in Sources */ = {isa = PBXBuildFile; fileRef = F526CB2D2AB3221700BC8A01 /* UIExtensions.swift */; };
		F526CB312AB3233800BC8A01 /* UIButtonRounded.swift in Sources */ = {isa = PBXBuildFile; fileRef = F526CB302AB3233800BC8A01 /* UIButtonRounded.swift */; };
		F526CB332AB32CFE00BC8A01 /* UITextFieldRounded.swift in Sources */ = {isa = PBXBuildFile; fileRef = F526CB322AB32CFE00BC8A01 /* UITextFieldRounded.swift */; };
		F53C56252A8E86A4005BDF44 /* AppDelegate.swift in Sources */ = {isa = PBXBuildFile; fileRef = F53C56242A8E86A4005BDF44 /* AppDelegate.swift */; };
		F53C56272A8E86A4005BDF44 /* SceneDelegate.swift in Sources */ = {isa = PBXBuildFile; fileRef = F53C56262A8E86A4005BDF44 /* SceneDelegate.swift */; };
		F53C56292A8E86A4005BDF44 /* ViewController.swift in Sources */ = {isa = PBXBuildFile; fileRef = F53C56282A8E86A4005BDF44 /* ViewController.swift */; };
		F53C562F2A8E86A4005BDF44 /* People.xcdatamodeld in Sources */ = {isa = PBXBuildFile; fileRef = F53C562D2A8E86A4005BDF44 /* People.xcdatamodeld */; };
		F53C563F2A8E870A005BDF44 /* LaunchScreen.storyboard in Resources */ = {isa = PBXBuildFile; fileRef = F53C563E2A8E870A005BDF44 /* LaunchScreen.storyboard */; };
		F53C56462A8E879D005BDF44 /* Main.storyboard in Resources */ = {isa = PBXBuildFile; fileRef = F53C56452A8E879D005BDF44 /* Main.storyboard */; };
		F5BC47712AA74C42001240CC /* AppFont.ttf in Resources */ = {isa = PBXBuildFile; fileRef = F5BC47702AA74C42001240CC /* AppFont.ttf */; };
		F5BC47732AA74E89001240CC /* BaseVC.swift in Sources */ = {isa = PBXBuildFile; fileRef = F5BC47722AA74E89001240CC /* BaseVC.swift */; };
		F5D8D7642AAAE45F00829E66 /* GoogleService-Info.plist in Resources */ = {isa = PBXBuildFile; fileRef = F5D8D7632AAAE45F00829E66 /* GoogleService-Info.plist */; };
		F5D8D7662AAAE57A00829E66 /* SignUpVC.swift in Sources */ = {isa = PBXBuildFile; fileRef = F5D8D7652AAAE57A00829E66 /* SignUpVC.swift */; };
		F5D8D7682AAAED7E00829E66 /* HomeVC.swift in Sources */ = {isa = PBXBuildFile; fileRef = F5D8D7672AAAED7E00829E66 /* HomeVC.swift */; };
		F5D8D76A2AAAEE9500829E66 /* LoginVC.swift in Sources */ = {isa = PBXBuildFile; fileRef = F5D8D7692AAAEE9500829E66 /* LoginVC.swift */; };
		F5D8D76C2AAAF04000829E66 /* FirebaseAuthModel.swift in Sources */ = {isa = PBXBuildFile; fileRef = F5D8D76B2AAAF04000829E66 /* FirebaseAuthModel.swift */; };
		F5FDC7CE2AA9D53A001E797E /* appBg.jpg in Resources */ = {isa = PBXBuildFile; fileRef = F5FDC7CD2AA9D539001E797E /* appBg.jpg */; };
		F5FDC7D02AA9D5DB001E797E /* Assets.xcassets in Resources */ = {isa = PBXBuildFile; fileRef = F5FDC7CF2AA9D5DB001E797E /* Assets.xcassets */; };
/* End PBXBuildFile section */

/* Begin PBXFileReference section */
		369CF62772967D3A2341A326 /* Pods-People.debug.xcconfig */ = {isa = PBXFileReference; includeInIndex = 1; lastKnownFileType = text.xcconfig; name = "Pods-People.debug.xcconfig"; path = "Target Support Files/Pods-People/Pods-People.debug.xcconfig"; sourceTree = "<group>"; };
		78C79EE59C5EA6F5C10BB8E1 /* Pods-People.release.xcconfig */ = {isa = PBXFileReference; includeInIndex = 1; lastKnownFileType = text.xcconfig; name = "Pods-People.release.xcconfig"; path = "Target Support Files/Pods-People/Pods-People.release.xcconfig"; sourceTree = "<group>"; };
		C903E8FF29365593E6785D9D /* Pods_People.framework */ = {isa = PBXFileReference; explicitFileType = wrapper.framework; includeInIndex = 0; path = Pods_People.framework; sourceTree = BUILT_PRODUCTS_DIR; };
		F515ABD12AB03E6400537522 /* Message.swift */ = {isa = PBXFileReference; lastKnownFileType = sourcecode.swift; path = Message.swift; sourceTree = "<group>"; };
		F515ABD42AB0404400537522 /* MessageTVC.swift */ = {isa = PBXFileReference; lastKnownFileType = sourcecode.swift; path = MessageTVC.swift; sourceTree = "<group>"; };
		F515ABD52AB0404400537522 /* MessageTVC.xib */ = {isa = PBXFileReference; lastKnownFileType = file.xib; path = MessageTVC.xib; sourceTree = "<group>"; };
		F515ABD82AB0483D00537522 /* AppDefaults.swift */ = {isa = PBXFileReference; lastKnownFileType = sourcecode.swift; path = AppDefaults.swift; sourceTree = "<group>"; };
		F515ABDA2AB06D6B00537522 /* FirebaseDB.swift */ = {isa = PBXFileReference; lastKnownFileType = sourcecode.swift; path = FirebaseDB.swift; sourceTree = "<group>"; };
		F526CB2A2AB3117B00BC8A01 /* Constants.swift */ = {isa = PBXFileReference; lastKnownFileType = sourcecode.swift; path = Constants.swift; sourceTree = "<group>"; };
		F526CB2D2AB3221700BC8A01 /* UIExtensions.swift */ = {isa = PBXFileReference; lastKnownFileType = sourcecode.swift; path = UIExtensions.swift; sourceTree = "<group>"; };
		F526CB302AB3233800BC8A01 /* UIButtonRounded.swift */ = {isa = PBXFileReference; lastKnownFileType = sourcecode.swift; path = UIButtonRounded.swift; sourceTree = "<group>"; };
		F526CB322AB32CFE00BC8A01 /* UITextFieldRounded.swift */ = {isa = PBXFileReference; lastKnownFileType = sourcecode.swift; path = UITextFieldRounded.swift; sourceTree = "<group>"; };
		F53C56212A8E86A4005BDF44 /* People.app */ = {isa = PBXFileReference; explicitFileType = wrapper.application; includeInIndex = 0; path = People.app; sourceTree = BUILT_PRODUCTS_DIR; };
		F53C56242A8E86A4005BDF44 /* AppDelegate.swift */ = {isa = PBXFileReference; lastKnownFileType = sourcecode.swift; path = AppDelegate.swift; sourceTree = "<group>"; };
		F53C56262A8E86A4005BDF44 /* SceneDelegate.swift */ = {isa = PBXFileReference; lastKnownFileType = sourcecode.swift; path = SceneDelegate.swift; sourceTree = "<group>"; };
		F53C56282A8E86A4005BDF44 /* ViewController.swift */ = {isa = PBXFileReference; lastKnownFileType = sourcecode.swift; path = ViewController.swift; sourceTree = "<group>"; };
		F53C562E2A8E86A4005BDF44 /* People.xcdatamodel */ = {isa = PBXFileReference; lastKnownFileType = wrapper.xcdatamodel; path = People.xcdatamodel; sourceTree = "<group>"; };
		F53C56352A8E86A6005BDF44 /* Info.plist */ = {isa = PBXFileReference; lastKnownFileType = text.plist.xml; path = Info.plist; sourceTree = "<group>"; };
		F53C563E2A8E870A005BDF44 /* LaunchScreen.storyboard */ = {isa = PBXFileReference; fileEncoding = 4; lastKnownFileType = file.storyboard; path = LaunchScreen.storyboard; sourceTree = "<group>"; };
		F53C56452A8E879D005BDF44 /* Main.storyboard */ = {isa = PBXFileReference; fileEncoding = 4; lastKnownFileType = file.storyboard; path = Main.storyboard; sourceTree = "<group>"; };
		F5BC47702AA74C42001240CC /* AppFont.ttf */ = {isa = PBXFileReference; lastKnownFileType = file; path = AppFont.ttf; sourceTree = "<group>"; };
		F5BC47722AA74E89001240CC /* BaseVC.swift */ = {isa = PBXFileReference; lastKnownFileType = sourcecode.swift; path = BaseVC.swift; sourceTree = "<group>"; };
		F5D8D7632AAAE45F00829E66 /* GoogleService-Info.plist */ = {isa = PBXFileReference; fileEncoding = 4; lastKnownFileType = text.plist.xml; path = "GoogleService-Info.plist"; sourceTree = "<group>"; };
		F5D8D7652AAAE57A00829E66 /* SignUpVC.swift */ = {isa = PBXFileReference; lastKnownFileType = sourcecode.swift; path = SignUpVC.swift; sourceTree = "<group>"; };
		F5D8D7672AAAED7E00829E66 /* HomeVC.swift */ = {isa = PBXFileReference; lastKnownFileType = sourcecode.swift; path = HomeVC.swift; sourceTree = "<group>"; };
		F5D8D7692AAAEE9500829E66 /* LoginVC.swift */ = {isa = PBXFileReference; lastKnownFileType = sourcecode.swift; path = LoginVC.swift; sourceTree = "<group>"; };
		F5D8D76B2AAAF04000829E66 /* FirebaseAuthModel.swift */ = {isa = PBXFileReference; lastKnownFileType = sourcecode.swift; path = FirebaseAuthModel.swift; sourceTree = "<group>"; };
		F5FDC7CD2AA9D539001E797E /* appBg.jpg */ = {isa = PBXFileReference; lastKnownFileType = image.jpeg; path = appBg.jpg; sourceTree = "<group>"; };
		F5FDC7CF2AA9D5DB001E797E /* Assets.xcassets */ = {isa = PBXFileReference; lastKnownFileType = folder.assetcatalog; path = Assets.xcassets; sourceTree = "<group>"; };
/* End PBXFileReference section */

/* Begin PBXFrameworksBuildPhase section */
		F53C561E2A8E86A4005BDF44 /* Frameworks */ = {
			isa = PBXFrameworksBuildPhase;
			buildActionMask = 2147483647;
			files = (
				EBF5FD766EC0EDCB3198290A /* Pods_People.framework in Frameworks */,
			);
			runOnlyForDeploymentPostprocessing = 0;
		};
/* End PBXFrameworksBuildPhase section */

/* Begin PBXGroup section */
		856BD77F10C2C03E4ABCAF55 /* Frameworks */ = {
			isa = PBXGroup;
			children = (
				C903E8FF29365593E6785D9D /* Pods_People.framework */,
			);
			name = Frameworks;
			sourceTree = "<group>";
		};
		E9B978E69E342B4D26457780 /* Pods */ = {
			isa = PBXGroup;
			children = (
				369CF62772967D3A2341A326 /* Pods-People.debug.xcconfig */,
				78C79EE59C5EA6F5C10BB8E1 /* Pods-People.release.xcconfig */,
			);
			path = Pods;
			sourceTree = "<group>";
		};
		F515ABD02AB03E4100537522 /* DataModels */ = {
			isa = PBXGroup;
			children = (
				F515ABD12AB03E6400537522 /* Message.swift */,
			);
			path = DataModels;
			sourceTree = "<group>";
		};
		F515ABD32AB03FF500537522 /* Cells */ = {
			isa = PBXGroup;
			children = (
				F515ABD42AB0404400537522 /* MessageTVC.swift */,
				F515ABD52AB0404400537522 /* MessageTVC.xib */,
			);
			path = Cells;
			sourceTree = "<group>";
		};
		F526CB2C2AB3210100BC8A01 /* Extensions */ = {
			isa = PBXGroup;
			children = (
				F526CB2D2AB3221700BC8A01 /* UIExtensions.swift */,
			);
			path = Extensions;
			sourceTree = "<group>";
		};
		F526CB2F2AB3230600BC8A01 /* CustomUI */ = {
			isa = PBXGroup;
			children = (
				F526CB302AB3233800BC8A01 /* UIButtonRounded.swift */,
				F526CB322AB32CFE00BC8A01 /* UITextFieldRounded.swift */,
			);
			path = CustomUI;
			sourceTree = "<group>";
		};
		F53C56182A8E86A4005BDF44 = {
			isa = PBXGroup;
			children = (
				F53C56232A8E86A4005BDF44 /* People */,
				F53C56222A8E86A4005BDF44 /* Products */,
				E9B978E69E342B4D26457780 /* Pods */,
				856BD77F10C2C03E4ABCAF55 /* Frameworks */,
			);
			sourceTree = "<group>";
		};
		F53C56222A8E86A4005BDF44 /* Products */ = {
			isa = PBXGroup;
			children = (
				F53C56212A8E86A4005BDF44 /* People.app */,
			);
			name = Products;
			sourceTree = "<group>";
		};
		F53C56232A8E86A4005BDF44 /* People */ = {
			isa = PBXGroup;
			children = (
				F526CB2F2AB3230600BC8A01 /* CustomUI */,
				F526CB2C2AB3210100BC8A01 /* Extensions */,
				F515ABD32AB03FF500537522 /* Cells */,
				F515ABD02AB03E4100537522 /* DataModels */,
				F5D8D76D2AAAF04700829E66 /* Models */,
				F5FDC7C92AA9D217001E797E /* Controllers */,
				F5FDC7CA2AA9D327001E797E /* View */,
				F526CB2A2AB3117B00BC8A01 /* Constants.swift */,
				F53C56262A8E86A4005BDF44 /* SceneDelegate.swift */,
				F53C56242A8E86A4005BDF44 /* AppDelegate.swift */,
				F5FDC7CF2AA9D5DB001E797E /* Assets.xcassets */,
				F5FDC7CD2AA9D539001E797E /* appBg.jpg */,
				F53C563E2A8E870A005BDF44 /* LaunchScreen.storyboard */,
				F53C56352A8E86A6005BDF44 /* Info.plist */,
				F5D8D7632AAAE45F00829E66 /* GoogleService-Info.plist */,
				F53C562D2A8E86A4005BDF44 /* People.xcdatamodeld */,
				F5BC47702AA74C42001240CC /* AppFont.ttf */,
				F515ABD82AB0483D00537522 /* AppDefaults.swift */,
			);
			path = People;
			sourceTree = "<group>";
		};
		F5D8D76D2AAAF04700829E66 /* Models */ = {
			isa = PBXGroup;
			children = (
				F5D8D76B2AAAF04000829E66 /* FirebaseAuthModel.swift */,
				F515ABDA2AB06D6B00537522 /* FirebaseDB.swift */,
			);
			path = Models;
			sourceTree = "<group>";
		};
		F5FDC7C92AA9D217001E797E /* Controllers */ = {
			isa = PBXGroup;
			children = (
				F53C56282A8E86A4005BDF44 /* ViewController.swift */,
				F5BC47722AA74E89001240CC /* BaseVC.swift */,
				F5D8D7652AAAE57A00829E66 /* SignUpVC.swift */,
				F5D8D7692AAAEE9500829E66 /* LoginVC.swift */,
				F5D8D7672AAAED7E00829E66 /* HomeVC.swift */,
			);
			path = Controllers;
			sourceTree = "<group>";
		};
		F5FDC7CA2AA9D327001E797E /* View */ = {
			isa = PBXGroup;
			children = (
				F53C56452A8E879D005BDF44 /* Main.storyboard */,
			);
			path = View;
			sourceTree = "<group>";
		};
/* End PBXGroup section */

/* Begin PBXNativeTarget section */
		F53C56202A8E86A4005BDF44 /* People */ = {
			isa = PBXNativeTarget;
			buildConfigurationList = F53C56382A8E86A6005BDF44 /* Build configuration list for PBXNativeTarget "People" */;
			buildPhases = (
				E4A8EE3C80B8B369DAACD60A /* [CP] Check Pods Manifest.lock */,
				F53C561D2A8E86A4005BDF44 /* Sources */,
				F53C561E2A8E86A4005BDF44 /* Frameworks */,
				F53C561F2A8E86A4005BDF44 /* Resources */,
				287C058DE604368DE469EFC0 /* [CP] Embed Pods Frameworks */,
			);
			buildRules = (
			);
			dependencies = (
			);
			name = People;
			productName = People;
			productReference = F53C56212A8E86A4005BDF44 /* People.app */;
			productType = "com.apple.product-type.application";
		};
/* End PBXNativeTarget section */

/* Begin PBXProject section */
		F53C56192A8E86A4005BDF44 /* Project object */ = {
			isa = PBXProject;
			attributes = {
				BuildIndependentTargetsInParallel = 1;
				LastSwiftUpdateCheck = 1430;
				LastUpgradeCheck = 1430;
				TargetAttributes = {
					F53C56202A8E86A4005BDF44 = {
						CreatedOnToolsVersion = 14.3.1;
					};
				};
			};
			buildConfigurationList = F53C561C2A8E86A4005BDF44 /* Build configuration list for PBXProject "People" */;
			compatibilityVersion = "Xcode 14.0";
			developmentRegion = en;
			hasScannedForEncodings = 0;
			knownRegions = (
				en,
				Base,
			);
			mainGroup = F53C56182A8E86A4005BDF44;
			productRefGroup = F53C56222A8E86A4005BDF44 /* Products */;
			projectDirPath = "";
			projectRoot = "";
			targets = (
				F53C56202A8E86A4005BDF44 /* People */,
			);
		};
/* End PBXProject section */

/* Begin PBXResourcesBuildPhase section */
		F53C561F2A8E86A4005BDF44 /* Resources */ = {
			isa = PBXResourcesBuildPhase;
			buildActionMask = 2147483647;
			files = (
				F5FDC7CE2AA9D53A001E797E /* appBg.jpg in Resources */,
				F53C56462A8E879D005BDF44 /* Main.storyboard in Resources */,
				F53C563F2A8E870A005BDF44 /* LaunchScreen.storyboard in Resources */,
				F5BC47712AA74C42001240CC /* AppFont.ttf in Resources */,
				F515ABD72AB0404400537522 /* MessageTVC.xib in Resources */,
				F5FDC7D02AA9D5DB001E797E /* Assets.xcassets in Resources */,
				F5D8D7642AAAE45F00829E66 /* GoogleService-Info.plist in Resources */,
			);
			runOnlyForDeploymentPostprocessing = 0;
		};
/* End PBXResourcesBuildPhase section */

/* Begin PBXShellScriptBuildPhase section */
		287C058DE604368DE469EFC0 /* [CP] Embed Pods Frameworks */ = {
			isa = PBXShellScriptBuildPhase;
			buildActionMask = 2147483647;
			files = (
			);
			inputFileListPaths = (
				"${PODS_ROOT}/Target Support Files/Pods-People/Pods-People-frameworks-${CONFIGURATION}-input-files.xcfilelist",
			);
			name = "[CP] Embed Pods Frameworks";
			outputFileListPaths = (
				"${PODS_ROOT}/Target Support Files/Pods-People/Pods-People-frameworks-${CONFIGURATION}-output-files.xcfilelist",
			);
			runOnlyForDeploymentPostprocessing = 0;
			shellPath = /bin/sh;
			shellScript = "\"${PODS_ROOT}/Target Support Files/Pods-People/Pods-People-frameworks.sh\"\n";
			showEnvVarsInLog = 0;
		};
		E4A8EE3C80B8B369DAACD60A /* [CP] Check Pods Manifest.lock */ = {
			isa = PBXShellScriptBuildPhase;
			buildActionMask = 2147483647;
			files = (
			);
			inputFileListPaths = (
			);
			inputPaths = (
				"${PODS_PODFILE_DIR_PATH}/Podfile.lock",
				"${PODS_ROOT}/Manifest.lock",
			);
			name = "[CP] Check Pods Manifest.lock";
			outputFileListPaths = (
			);
			outputPaths = (
				"$(DERIVED_FILE_DIR)/Pods-People-checkManifestLockResult.txt",
			);
			runOnlyForDeploymentPostprocessing = 0;
			shellPath = /bin/sh;
			shellScript = "diff \"${PODS_PODFILE_DIR_PATH}/Podfile.lock\" \"${PODS_ROOT}/Manifest.lock\" > /dev/null\nif [ $? != 0 ] ; then\n    # print error to STDERR\n    echo \"error: The sandbox is not in sync with the Podfile.lock. Run 'pod install' or update your CocoaPods installation.\" >&2\n    exit 1\nfi\n# This output is used by Xcode 'outputs' to avoid re-running this script phase.\necho \"SUCCESS\" > \"${SCRIPT_OUTPUT_FILE_0}\"\n";
			showEnvVarsInLog = 0;
		};
/* End PBXShellScriptBuildPhase section */

/* Begin PBXSourcesBuildPhase section */
		F53C561D2A8E86A4005BDF44 /* Sources */ = {
			isa = PBXSourcesBuildPhase;
			buildActionMask = 2147483647;
			files = (
				F5D8D76A2AAAEE9500829E66 /* LoginVC.swift in Sources */,
				F53C562F2A8E86A4005BDF44 /* People.xcdatamodeld in Sources */,
				F5D8D7682AAAED7E00829E66 /* HomeVC.swift in Sources */,
				F526CB2E2AB3221700BC8A01 /* UIExtensions.swift in Sources */,
				F53C56292A8E86A4005BDF44 /* ViewController.swift in Sources */,
				F53C56252A8E86A4005BDF44 /* AppDelegate.swift in Sources */,
				F53C56272A8E86A4005BDF44 /* SceneDelegate.swift in Sources */,
				F515ABDB2AB06D6B00537522 /* FirebaseDB.swift in Sources */,
				F5D8D7662AAAE57A00829E66 /* SignUpVC.swift in Sources */,
				F515ABD62AB0404400537522 /* MessageTVC.swift in Sources */,
				F526CB332AB32CFE00BC8A01 /* UITextFieldRounded.swift in Sources */,
				F515ABD92AB0483D00537522 /* AppDefaults.swift in Sources */,
				F526CB312AB3233800BC8A01 /* UIButtonRounded.swift in Sources */,
				F515ABD22AB03E6400537522 /* Message.swift in Sources */,
				F526CB2B2AB3117B00BC8A01 /* Constants.swift in Sources */,
				F5D8D76C2AAAF04000829E66 /* FirebaseAuthModel.swift in Sources */,
				F5BC47732AA74E89001240CC /* BaseVC.swift in Sources */,
			);
			runOnlyForDeploymentPostprocessing = 0;
		};
/* End PBXSourcesBuildPhase section */

/* Begin XCBuildConfiguration section */
		F53C56362A8E86A6005BDF44 /* Debug */ = {
			isa = XCBuildConfiguration;
			buildSettings = {
				ALWAYS_SEARCH_USER_PATHS = NO;
				CLANG_ANALYZER_NONNULL = YES;
				CLANG_ANALYZER_NUMBER_OBJECT_CONVERSION = YES_AGGRESSIVE;
				CLANG_CXX_LANGUAGE_STANDARD = "gnu++20";
				CLANG_ENABLE_MODULES = YES;
				CLANG_ENABLE_OBJC_ARC = YES;
				CLANG_ENABLE_OBJC_WEAK = YES;
				CLANG_WARN_BLOCK_CAPTURE_AUTORELEASING = YES;
				CLANG_WARN_BOOL_CONVERSION = YES;
				CLANG_WARN_COMMA = YES;
				CLANG_WARN_CONSTANT_CONVERSION = YES;
				CLANG_WARN_DEPRECATED_OBJC_IMPLEMENTATIONS = YES;
				CLANG_WARN_DIRECT_OBJC_ISA_USAGE = YES_ERROR;
				CLANG_WARN_DOCUMENTATION_COMMENTS = YES;
				CLANG_WARN_EMPTY_BODY = YES;
				CLANG_WARN_ENUM_CONVERSION = YES;
				CLANG_WARN_INFINITE_RECURSION = YES;
				CLANG_WARN_INT_CONVERSION = YES;
				CLANG_WARN_NON_LITERAL_NULL_CONVERSION = YES;
				CLANG_WARN_OBJC_IMPLICIT_RETAIN_SELF = YES;
				CLANG_WARN_OBJC_LITERAL_CONVERSION = YES;
				CLANG_WARN_OBJC_ROOT_CLASS = YES_ERROR;
				CLANG_WARN_QUOTED_INCLUDE_IN_FRAMEWORK_HEADER = YES;
				CLANG_WARN_RANGE_LOOP_ANALYSIS = YES;
				CLANG_WARN_STRICT_PROTOTYPES = YES;
				CLANG_WARN_SUSPICIOUS_MOVE = YES;
				CLANG_WARN_UNGUARDED_AVAILABILITY = YES_AGGRESSIVE;
				CLANG_WARN_UNREACHABLE_CODE = YES;
				CLANG_WARN__DUPLICATE_METHOD_MATCH = YES;
				COPY_PHASE_STRIP = NO;
				DEBUG_INFORMATION_FORMAT = dwarf;
				ENABLE_STRICT_OBJC_MSGSEND = YES;
				ENABLE_TESTABILITY = YES;
				GCC_C_LANGUAGE_STANDARD = gnu11;
				GCC_DYNAMIC_NO_PIC = NO;
				GCC_NO_COMMON_BLOCKS = YES;
				GCC_OPTIMIZATION_LEVEL = 0;
				GCC_PREPROCESSOR_DEFINITIONS = (
					"DEBUG=1",
					"$(inherited)",
				);
				GCC_WARN_64_TO_32_BIT_CONVERSION = YES;
				GCC_WARN_ABOUT_RETURN_TYPE = YES_ERROR;
				GCC_WARN_UNDECLARED_SELECTOR = YES;
				GCC_WARN_UNINITIALIZED_AUTOS = YES_AGGRESSIVE;
				GCC_WARN_UNUSED_FUNCTION = YES;
				GCC_WARN_UNUSED_VARIABLE = YES;
				IPHONEOS_DEPLOYMENT_TARGET = 16.4;
				MTL_ENABLE_DEBUG_INFO = INCLUDE_SOURCE;
				MTL_FAST_MATH = YES;
				ONLY_ACTIVE_ARCH = YES;
				SDKROOT = iphoneos;
				SWIFT_ACTIVE_COMPILATION_CONDITIONS = DEBUG;
				SWIFT_OPTIMIZATION_LEVEL = "-Onone";
			};
			name = Debug;
		};
		F53C56372A8E86A6005BDF44 /* Release */ = {
			isa = XCBuildConfiguration;
			buildSettings = {
				ALWAYS_SEARCH_USER_PATHS = NO;
				CLANG_ANALYZER_NONNULL = YES;
				CLANG_ANALYZER_NUMBER_OBJECT_CONVERSION = YES_AGGRESSIVE;
				CLANG_CXX_LANGUAGE_STANDARD = "gnu++20";
				CLANG_ENABLE_MODULES = YES;
				CLANG_ENABLE_OBJC_ARC = YES;
				CLANG_ENABLE_OBJC_WEAK = YES;
				CLANG_WARN_BLOCK_CAPTURE_AUTORELEASING = YES;
				CLANG_WARN_BOOL_CONVERSION = YES;
				CLANG_WARN_COMMA = YES;
				CLANG_WARN_CONSTANT_CONVERSION = YES;
				CLANG_WARN_DEPRECATED_OBJC_IMPLEMENTATIONS = YES;
				CLANG_WARN_DIRECT_OBJC_ISA_USAGE = YES_ERROR;
				CLANG_WARN_DOCUMENTATION_COMMENTS = YES;
				CLANG_WARN_EMPTY_BODY = YES;
				CLANG_WARN_ENUM_CONVERSION = YES;
				CLANG_WARN_INFINITE_RECURSION = YES;
				CLANG_WARN_INT_CONVERSION = YES;
				CLANG_WARN_NON_LITERAL_NULL_CONVERSION = YES;
				CLANG_WARN_OBJC_IMPLICIT_RETAIN_SELF = YES;
				CLANG_WARN_OBJC_LITERAL_CONVERSION = YES;
				CLANG_WARN_OBJC_ROOT_CLASS = YES_ERROR;
				CLANG_WARN_QUOTED_INCLUDE_IN_FRAMEWORK_HEADER = YES;
				CLANG_WARN_RANGE_LOOP_ANALYSIS = YES;
				CLANG_WARN_STRICT_PROTOTYPES = YES;
				CLANG_WARN_SUSPICIOUS_MOVE = YES;
				CLANG_WARN_UNGUARDED_AVAILABILITY = YES_AGGRESSIVE;
				CLANG_WARN_UNREACHABLE_CODE = YES;
				CLANG_WARN__DUPLICATE_METHOD_MATCH = YES;
				COPY_PHASE_STRIP = NO;
				DEBUG_INFORMATION_FORMAT = "dwarf-with-dsym";
				ENABLE_NS_ASSERTIONS = NO;
				ENABLE_STRICT_OBJC_MSGSEND = YES;
				GCC_C_LANGUAGE_STANDARD = gnu11;
				GCC_NO_COMMON_BLOCKS = YES;
				GCC_WARN_64_TO_32_BIT_CONVERSION = YES;
				GCC_WARN_ABOUT_RETURN_TYPE = YES_ERROR;
				GCC_WARN_UNDECLARED_SELECTOR = YES;
				GCC_WARN_UNINITIALIZED_AUTOS = YES_AGGRESSIVE;
				GCC_WARN_UNUSED_FUNCTION = YES;
				GCC_WARN_UNUSED_VARIABLE = YES;
				IPHONEOS_DEPLOYMENT_TARGET = 16.4;
				MTL_ENABLE_DEBUG_INFO = NO;
				MTL_FAST_MATH = YES;
				SDKROOT = iphoneos;
				SWIFT_COMPILATION_MODE = wholemodule;
				SWIFT_OPTIMIZATION_LEVEL = "-O";
				VALIDATE_PRODUCT = YES;
			};
			name = Release;
		};
		F53C56392A8E86A6005BDF44 /* Debug */ = {
			isa = XCBuildConfiguration;
			baseConfigurationReference = 369CF62772967D3A2341A326 /* Pods-People.debug.xcconfig */;
			buildSettings = {
				ASSETCATALOG_COMPILER_APPICON_NAME = AppIcon;
				ASSETCATALOG_COMPILER_GLOBAL_ACCENT_COLOR_NAME = AccentColor;
				CODE_SIGN_STYLE = Automatic;
				CURRENT_PROJECT_VERSION = 1;
				DEVELOPMENT_TEAM = 6DXA92JYY2;
				GENERATE_INFOPLIST_FILE = YES;
				INFOPLIST_FILE = People/Info.plist;
				INFOPLIST_KEY_UIApplicationSupportsIndirectInputEvents = YES;
				INFOPLIST_KEY_UILaunchStoryboardName = LaunchScreen;
				INFOPLIST_KEY_UIMainStoryboardFile = Main;
				INFOPLIST_KEY_UISupportedInterfaceOrientations_iPad = "UIInterfaceOrientationPortrait UIInterfaceOrientationPortraitUpsideDown UIInterfaceOrientationLandscapeLeft UIInterfaceOrientationLandscapeRight";
				INFOPLIST_KEY_UISupportedInterfaceOrientations_iPhone = "UIInterfaceOrientationPortrait UIInterfaceOrientationLandscapeLeft UIInterfaceOrientationLandscapeRight";
				LD_RUNPATH_SEARCH_PATHS = (
					"$(inherited)",
					"@executable_path/Frameworks",
				);
				MARKETING_VERSION = 1.0;
				PRODUCT_BUNDLE_IDENTIFIER = com.ingenious.People;
				PRODUCT_NAME = "$(TARGET_NAME)";
				SWIFT_EMIT_LOC_STRINGS = YES;
				SWIFT_VERSION = 5.0;
				TARGETED_DEVICE_FAMILY = "1,2";
			};
			name = Debug;
		};
		F53C563A2A8E86A6005BDF44 /* Release */ = {
			isa = XCBuildConfiguration;
			baseConfigurationReference = 78C79EE59C5EA6F5C10BB8E1 /* Pods-People.release.xcconfig */;
			buildSettings = {
				ASSETCATALOG_COMPILER_APPICON_NAME = AppIcon;
				ASSETCATALOG_COMPILER_GLOBAL_ACCENT_COLOR_NAME = AccentColor;
				CODE_SIGN_STYLE = Automatic;
				CURRENT_PROJECT_VERSION = 1;
				DEVELOPMENT_TEAM = 6DXA92JYY2;
				GENERATE_INFOPLIST_FILE = YES;
				INFOPLIST_FILE = People/Info.plist;
				INFOPLIST_KEY_UIApplicationSupportsIndirectInputEvents = YES;
				INFOPLIST_KEY_UILaunchStoryboardName = LaunchScreen;
				INFOPLIST_KEY_UIMainStoryboardFile = Main;
				INFOPLIST_KEY_UISupportedInterfaceOrientations_iPad = "UIInterfaceOrientationPortrait UIInterfaceOrientationPortraitUpsideDown UIInterfaceOrientationLandscapeLeft UIInterfaceOrientationLandscapeRight";
				INFOPLIST_KEY_UISupportedInterfaceOrientations_iPhone = "UIInterfaceOrientationPortrait UIInterfaceOrientationLandscapeLeft UIInterfaceOrientationLandscapeRight";
				LD_RUNPATH_SEARCH_PATHS = (
					"$(inherited)",
					"@executable_path/Frameworks",
				);
				MARKETING_VERSION = 1.0;
				PRODUCT_BUNDLE_IDENTIFIER = com.ingenious.People;
				PRODUCT_NAME = "$(TARGET_NAME)";
				SWIFT_EMIT_LOC_STRINGS = YES;
				SWIFT_VERSION = 5.0;
				TARGETED_DEVICE_FAMILY = "1,2";
			};
			name = Release;
		};
/* End XCBuildConfiguration section */

/* Begin XCConfigurationList section */
		F53C561C2A8E86A4005BDF44 /* Build configuration list for PBXProject "People" */ = {
			isa = XCConfigurationList;
			buildConfigurations = (
				F53C56362A8E86A6005BDF44 /* Debug */,
				F53C56372A8E86A6005BDF44 /* Release */,
			);
			defaultConfigurationIsVisible = 0;
			defaultConfigurationName = Release;
		};
		F53C56382A8E86A6005BDF44 /* Build configuration list for PBXNativeTarget "People" */ = {
			isa = XCConfigurationList;
			buildConfigurations = (
				F53C56392A8E86A6005BDF44 /* Debug */,
				F53C563A2A8E86A6005BDF44 /* Release */,
			);
			defaultConfigurationIsVisible = 0;
			defaultConfigurationName = Release;
		};
/* End XCConfigurationList section */

/* Begin XCVersionGroup section */
		F53C562D2A8E86A4005BDF44 /* People.xcdatamodeld */ = {
			isa = XCVersionGroup;
			children = (
				F53C562E2A8E86A4005BDF44 /* People.xcdatamodel */,
			);
			currentVersion = F53C562E2A8E86A4005BDF44 /* People.xcdatamodel */;
			path = People.xcdatamodeld;
			sourceTree = "<group>";
			versionGroupType = wrapper.xcdatamodel;
		};
/* End XCVersionGroup section */
	};
	rootObject = F53C56192A8E86A4005BDF44 /* Project object */;
}
